// !$*UTF8*$!
{
	archiveVersion = 1;
	classes = {
	};
	objectVersion = 55;
	objects = {

/* Begin PBXBuildFile section */
		C188F09527565B3C0001D251 /* AppDelegate.swift in Sources */ = {isa = PBXBuildFile; fileRef = C188F09427565B3C0001D251 /* AppDelegate.swift */; };
		C188F09727565B3C0001D251 /* SceneDelegate.swift in Sources */ = {isa = PBXBuildFile; fileRef = C188F09627565B3C0001D251 /* SceneDelegate.swift */; };
		C188F09927565B3C0001D251 /* ViewController.swift in Sources */ = {isa = PBXBuildFile; fileRef = C188F09827565B3C0001D251 /* ViewController.swift */; };
		C188F09C27565B3C0001D251 /* Main.storyboard in Resources */ = {isa = PBXBuildFile; fileRef = C188F09A27565B3C0001D251 /* Main.storyboard */; };
		C188F09F27565B3C0001D251 /* TemperatureCalculator.xcdatamodeld in Sources */ = {isa = PBXBuildFile; fileRef = C188F09D27565B3C0001D251 /* TemperatureCalculator.xcdatamodeld */; };
		C188F0A127565B3D0001D251 /* Assets.xcassets in Resources */ = {isa = PBXBuildFile; fileRef = C188F0A027565B3D0001D251 /* Assets.xcassets */; };
		C188F0A427565B3D0001D251 /* LaunchScreen.storyboard in Resources */ = {isa = PBXBuildFile; fileRef = C188F0A227565B3D0001D251 /* LaunchScreen.storyboard */; };
		C188F0AF27565B3D0001D251 /* TemperatureCalculatorTests.swift in Sources */ = {isa = PBXBuildFile; fileRef = C188F0AE27565B3D0001D251 /* TemperatureCalculatorTests.swift */; };
		C188F0B927565B3D0001D251 /* TemperatureCalculatorUITests.swift in Sources */ = {isa = PBXBuildFile; fileRef = C188F0B827565B3D0001D251 /* TemperatureCalculatorUITests.swift */; };
		C188F0BB27565B3D0001D251 /* TemperatureCalculatorUITestsLaunchTests.swift in Sources */ = {isa = PBXBuildFile; fileRef = C188F0BA27565B3D0001D251 /* TemperatureCalculatorUITestsLaunchTests.swift */; };
/* End PBXBuildFile section */

/* Begin PBXContainerItemProxy section */
		C188F0AB27565B3D0001D251 /* PBXContainerItemProxy */ = {
			isa = PBXContainerItemProxy;
			containerPortal = C188F08927565B3C0001D251 /* Project object */;
			proxyType = 1;
			remoteGlobalIDString = C188F09027565B3C0001D251;
			remoteInfo = TemperatureCalculator;
		};
		C188F0B527565B3D0001D251 /* PBXContainerItemProxy */ = {
			isa = PBXContainerItemProxy;
			containerPortal = C188F08927565B3C0001D251 /* Project object */;
			proxyType = 1;
			remoteGlobalIDString = C188F09027565B3C0001D251;
			remoteInfo = TemperatureCalculator;
		};
/* End PBXContainerItemProxy section */

/* Begin PBXFileReference section */
		C188F09127565B3C0001D251 /* TemperatureCalculator.app */ = {isa = PBXFileReference; explicitFileType = wrapper.application; includeInIndex = 0; path = TemperatureCalculator.app; sourceTree = BUILT_PRODUCTS_DIR; };
		C188F09427565B3C0001D251 /* AppDelegate.swift */ = {isa = PBXFileReference; lastKnownFileType = sourcecode.swift; path = AppDelegate.swift; sourceTree = "<group>"; };
		C188F09627565B3C0001D251 /* SceneDelegate.swift */ = {isa = PBXFileReference; lastKnownFileType = sourcecode.swift; path = SceneDelegate.swift; sourceTree = "<group>"; };
		C188F09827565B3C0001D251 /* ViewController.swift */ = {isa = PBXFileReference; lastKnownFileType = sourcecode.swift; path = ViewController.swift; sourceTree = "<group>"; };
		C188F09B27565B3C0001D251 /* Base */ = {isa = PBXFileReference; lastKnownFileType = file.storyboard; name = Base; path = Base.lproj/Main.storyboard; sourceTree = "<group>"; };
		C188F09E27565B3C0001D251 /* TemperatureCalculator.xcdatamodel */ = {isa = PBXFileReference; lastKnownFileType = wrapper.xcdatamodel; path = TemperatureCalculator.xcdatamodel; sourceTree = "<group>"; };
		C188F0A027565B3D0001D251 /* Assets.xcassets */ = {isa = PBXFileReference; lastKnownFileType = folder.assetcatalog; path = Assets.xcassets; sourceTree = "<group>"; };
		C188F0A327565B3D0001D251 /* Base */ = {isa = PBXFileReference; lastKnownFileType = file.storyboard; name = Base; path = Base.lproj/LaunchScreen.storyboard; sourceTree = "<group>"; };
		C188F0A527565B3D0001D251 /* Info.plist */ = {isa = PBXFileReference; lastKnownFileType = text.plist.xml; path = Info.plist; sourceTree = "<group>"; };
		C188F0AA27565B3D0001D251 /* TemperatureCalculatorTests.xctest */ = {isa = PBXFileReference; explicitFileType = wrapper.cfbundle; includeInIndex = 0; path = TemperatureCalculatorTests.xctest; sourceTree = BUILT_PRODUCTS_DIR; };
		C188F0AE27565B3D0001D251 /* TemperatureCalculatorTests.swift */ = {isa = PBXFileReference; lastKnownFileType = sourcecode.swift; path = TemperatureCalculatorTests.swift; sourceTree = "<group>"; };
		C188F0B427565B3D0001D251 /* TemperatureCalculatorUITests.xctest */ = {isa = PBXFileReference; explicitFileType = wrapper.cfbundle; includeInIndex = 0; path = TemperatureCalculatorUITests.xctest; sourceTree = BUILT_PRODUCTS_DIR; };
		C188F0B827565B3D0001D251 /* TemperatureCalculatorUITests.swift */ = {isa = PBXFileReference; lastKnownFileType = sourcecode.swift; path = TemperatureCalculatorUITests.swift; sourceTree = "<group>"; };
		C188F0BA27565B3D0001D251 /* TemperatureCalculatorUITestsLaunchTests.swift */ = {isa = PBXFileReference; lastKnownFileType = sourcecode.swift; path = TemperatureCalculatorUITestsLaunchTests.swift; sourceTree = "<group>"; };
/* End PBXFileReference section */

/* Begin PBXFrameworksBuildPhase section */
		C188F08E27565B3C0001D251 /* Frameworks */ = {
			isa = PBXFrameworksBuildPhase;
			buildActionMask = 2147483647;
			files = (
			);
			runOnlyForDeploymentPostprocessing = 0;
		};
		C188F0A727565B3D0001D251 /* Frameworks */ = {
			isa = PBXFrameworksBuildPhase;
			buildActionMask = 2147483647;
			files = (
			);
			runOnlyForDeploymentPostprocessing = 0;
		};
		C188F0B127565B3D0001D251 /* Frameworks */ = {
			isa = PBXFrameworksBuildPhase;
			buildActionMask = 2147483647;
			files = (
			);
			runOnlyForDeploymentPostprocessing = 0;
		};
/* End PBXFrameworksBuildPhase section */

/* Begin PBXGroup section */
		C188F08827565B3C0001D251 = {
			isa = PBXGroup;
			children = (
				C188F09327565B3C0001D251 /* TemperatureCalculator */,
				C188F0AD27565B3D0001D251 /* TemperatureCalculatorTests */,
				C188F0B727565B3D0001D251 /* TemperatureCalculatorUITests */,
				C188F09227565B3C0001D251 /* Products */,
			);
			sourceTree = "<group>";
		};
		C188F09227565B3C0001D251 /* Products */ = {
			isa = PBXGroup;
			children = (
				C188F09127565B3C0001D251 /* TemperatureCalculator.app */,
				C188F0AA27565B3D0001D251 /* TemperatureCalculatorTests.xctest */,
				C188F0B427565B3D0001D251 /* TemperatureCalculatorUITests.xctest */,
			);
			name = Products;
			sourceTree = "<group>";
		};
		C188F09327565B3C0001D251 /* TemperatureCalculator */ = {
			isa = PBXGroup;
			children = (
				C188F09427565B3C0001D251 /* AppDelegate.swift */,
				C188F09627565B3C0001D251 /* SceneDelegate.swift */,
				C188F09827565B3C0001D251 /* ViewController.swift */,
				C188F09A27565B3C0001D251 /* Main.storyboard */,
				C188F0A027565B3D0001D251 /* Assets.xcassets */,
				C188F0A227565B3D0001D251 /* LaunchScreen.storyboard */,
				C188F0A527565B3D0001D251 /* Info.plist */,
				C188F09D27565B3C0001D251 /* TemperatureCalculator.xcdatamodeld */,
			);
			path = TemperatureCalculator;
			sourceTree = "<group>";
		};
		C188F0AD27565B3D0001D251 /* TemperatureCalculatorTests */ = {
			isa = PBXGroup;
			children = (
				C188F0AE27565B3D0001D251 /* TemperatureCalculatorTests.swift */,
			);
			path = TemperatureCalculatorTests;
			sourceTree = "<group>";
		};
		C188F0B727565B3D0001D251 /* TemperatureCalculatorUITests */ = {
			isa = PBXGroup;
			children = (
				C188F0B827565B3D0001D251 /* TemperatureCalculatorUITests.swift */,
				C188F0BA27565B3D0001D251 /* TemperatureCalculatorUITestsLaunchTests.swift */,
			);
			path = TemperatureCalculatorUITests;
			sourceTree = "<group>";
		};
/* End PBXGroup section */

/* Begin PBXNativeTarget section */
		C188F09027565B3C0001D251 /* TemperatureCalculator */ = {
			isa = PBXNativeTarget;
			buildConfigurationList = C188F0BE27565B3D0001D251 /* Build configuration list for PBXNativeTarget "TemperatureCalculator" */;
			buildPhases = (
				C188F08D27565B3C0001D251 /* Sources */,
				C188F08E27565B3C0001D251 /* Frameworks */,
				C188F08F27565B3C0001D251 /* Resources */,
			);
			buildRules = (
			);
			dependencies = (
			);
			name = TemperatureCalculator;
			productName = TemperatureCalculator;
			productReference = C188F09127565B3C0001D251 /* TemperatureCalculator.app */;
			productType = "com.apple.product-type.application";
		};
		C188F0A927565B3D0001D251 /* TemperatureCalculatorTests */ = {
			isa = PBXNativeTarget;
			buildConfigurationList = C188F0C127565B3D0001D251 /* Build configuration list for PBXNativeTarget "TemperatureCalculatorTests" */;
			buildPhases = (
				C188F0A627565B3D0001D251 /* Sources */,
				C188F0A727565B3D0001D251 /* Frameworks */,
				C188F0A827565B3D0001D251 /* Resources */,
			);
			buildRules = (
			);
			dependencies = (
				C188F0AC27565B3D0001D251 /* PBXTargetDependency */,
			);
			name = TemperatureCalculatorTests;
			productName = TemperatureCalculatorTests;
			productReference = C188F0AA27565B3D0001D251 /* TemperatureCalculatorTests.xctest */;
			productType = "com.apple.product-type.bundle.unit-test";
		};
		C188F0B327565B3D0001D251 /* TemperatureCalculatorUITests */ = {
			isa = PBXNativeTarget;
			buildConfigurationList = C188F0C427565B3D0001D251 /* Build configuration list for PBXNativeTarget "TemperatureCalculatorUITests" */;
			buildPhases = (
				C188F0B027565B3D0001D251 /* Sources */,
				C188F0B127565B3D0001D251 /* Frameworks */,
				C188F0B227565B3D0001D251 /* Resources */,
			);
			buildRules = (
			);
			dependencies = (
				C188F0B627565B3D0001D251 /* PBXTargetDependency */,
			);
			name = TemperatureCalculatorUITests;
			productName = TemperatureCalculatorUITests;
			productReference = C188F0B427565B3D0001D251 /* TemperatureCalculatorUITests.xctest */;
			productType = "com.apple.product-type.bundle.ui-testing";
		};
/* End PBXNativeTarget section */

/* Begin PBXProject section */
		C188F08927565B3C0001D251 /* Project object */ = {
			isa = PBXProject;
			attributes = {
				BuildIndependentTargetsInParallel = 1;
				LastSwiftUpdateCheck = 1310;
				LastUpgradeCheck = 1310;
				TargetAttributes = {
					C188F09027565B3C0001D251 = {
						CreatedOnToolsVersion = 13.1;
					};
					C188F0A927565B3D0001D251 = {
						CreatedOnToolsVersion = 13.1;
						TestTargetID = C188F09027565B3C0001D251;
					};
					C188F0B327565B3D0001D251 = {
						CreatedOnToolsVersion = 13.1;
						TestTargetID = C188F09027565B3C0001D251;
					};
				};
			};
			buildConfigurationList = C188F08C27565B3C0001D251 /* Build configuration list for PBXProject "TemperatureCalculator" */;
			compatibilityVersion = "Xcode 13.0";
			developmentRegion = en;
			hasScannedForEncodings = 0;
			knownRegions = (
				en,
				Base,
			);
			mainGroup = C188F08827565B3C0001D251;
			productRefGroup = C188F09227565B3C0001D251 /* Products */;
			projectDirPath = "";
			projectRoot = "";
			targets = (
				C188F09027565B3C0001D251 /* TemperatureCalculator */,
				C188F0A927565B3D0001D251 /* TemperatureCalculatorTests */,
				C188F0B327565B3D0001D251 /* TemperatureCalculatorUITests */,
			);
		};
/* End PBXProject section */

/* Begin PBXResourcesBuildPhase section */
		C188F08F27565B3C0001D251 /* Resources */ = {
			isa = PBXResourcesBuildPhase;
			buildActionMask = 2147483647;
			files = (
				C188F0A427565B3D0001D251 /* LaunchScreen.storyboard in Resources */,
				C188F0A127565B3D0001D251 /* Assets.xcassets in Resources */,
				C188F09C27565B3C0001D251 /* Main.storyboard in Resources */,
			);
			runOnlyForDeploymentPostprocessing = 0;
		};
		C188F0A827565B3D0001D251 /* Resources */ = {
			isa = PBXResourcesBuildPhase;
			buildActionMask = 2147483647;
			files = (
			);
			runOnlyForDeploymentPostprocessing = 0;
		};
		C188F0B227565B3D0001D251 /* Resources */ = {
			isa = PBXResourcesBuildPhase;
			buildActionMask = 2147483647;
			files = (
			);
			runOnlyForDeploymentPostprocessing = 0;
		};
/* End PBXResourcesBuildPhase section */

/* Begin PBXSourcesBuildPhase section */
		C188F08D27565B3C0001D251 /* Sources */ = {
			isa = PBXSourcesBuildPhase;
			buildActionMask = 2147483647;
			files = (
				C188F09927565B3C0001D251 /* ViewController.swift in Sources */,
				C188F09527565B3C0001D251 /* AppDelegate.swift in Sources */,
				C188F09F27565B3C0001D251 /* TemperatureCalculator.xcdatamodeld in Sources */,
				C188F09727565B3C0001D251 /* SceneDelegate.swift in Sources */,
			);
			runOnlyForDeploymentPostprocessing = 0;
		};
		C188F0A627565B3D0001D251 /* Sources */ = {
			isa = PBXSourcesBuildPhase;
			buildActionMask = 2147483647;
			files = (
				C188F0AF27565B3D0001D251 /* TemperatureCalculatorTests.swift in Sources */,
			);
			runOnlyForDeploymentPostprocessing = 0;
		};
		C188F0B027565B3D0001D251 /* Sources */ = {
			isa = PBXSourcesBuildPhase;
			buildActionMask = 2147483647;
			files = (
				C188F0B927565B3D0001D251 /* TemperatureCalculatorUITests.swift in Sources */,
				C188F0BB27565B3D0001D251 /* TemperatureCalculatorUITestsLaunchTests.swift in Sources */,
			);
			runOnlyForDeploymentPostprocessing = 0;
		};
/* End PBXSourcesBuildPhase section */

/* Begin PBXTargetDependency section */
		C188F0AC27565B3D0001D251 /* PBXTargetDependency */ = {
			isa = PBXTargetDependency;
			target = C188F09027565B3C0001D251 /* TemperatureCalculator */;
			targetProxy = C188F0AB27565B3D0001D251 /* PBXContainerItemProxy */;
		};
		C188F0B627565B3D0001D251 /* PBXTargetDependency */ = {
			isa = PBXTargetDependency;
			target = C188F09027565B3C0001D251 /* TemperatureCalculator */;
			targetProxy = C188F0B527565B3D0001D251 /* PBXContainerItemProxy */;
		};
/* End PBXTargetDependency section */

/* Begin PBXVariantGroup section */
		C188F09A27565B3C0001D251 /* Main.storyboard */ = {
			isa = PBXVariantGroup;
			children = (
				C188F09B27565B3C0001D251 /* Base */,
			);
			name = Main.storyboard;
			sourceTree = "<group>";
		};
		C188F0A227565B3D0001D251 /* LaunchScreen.storyboard */ = {
			isa = PBXVariantGroup;
			children = (
				C188F0A327565B3D0001D251 /* Base */,
			);
			name = LaunchScreen.storyboard;
			sourceTree = "<group>";
		};
/* End PBXVariantGroup section */

/* Begin XCBuildConfiguration section */
		C188F0BC27565B3D0001D251 /* Debug */ = {
			isa = XCBuildConfiguration;
			buildSettings = {
				ALWAYS_SEARCH_USER_PATHS = NO;
				CLANG_ANALYZER_NONNULL = YES;
				CLANG_ANALYZER_NUMBER_OBJECT_CONVERSION = YES_AGGRESSIVE;
				CLANG_CXX_LANGUAGE_STANDARD = "gnu++17";
				CLANG_CXX_LIBRARY = "libc++";
				CLANG_ENABLE_MODULES = YES;
				CLANG_ENABLE_OBJC_ARC = YES;
				CLANG_ENABLE_OBJC_WEAK = YES;
				CLANG_WARN_BLOCK_CAPTURE_AUTORELEASING = YES;
				CLANG_WARN_BOOL_CONVERSION = YES;
				CLANG_WARN_COMMA = YES;
				CLANG_WARN_CONSTANT_CONVERSION = YES;
				CLANG_WARN_DEPRECATED_OBJC_IMPLEMENTATIONS = YES;
				CLANG_WARN_DIRECT_OBJC_ISA_USAGE = YES_ERROR;
				CLANG_WARN_DOCUMENTATION_COMMENTS = YES;
				CLANG_WARN_EMPTY_BODY = YES;
				CLANG_WARN_ENUM_CONVERSION = YES;
				CLANG_WARN_INFINITE_RECURSION = YES;
				CLANG_WARN_INT_CONVERSION = YES;
				CLANG_WARN_NON_LITERAL_NULL_CONVERSION = YES;
				CLANG_WARN_OBJC_IMPLICIT_RETAIN_SELF = YES;
				CLANG_WARN_OBJC_LITERAL_CONVERSION = YES;
				CLANG_WARN_OBJC_ROOT_CLASS = YES_ERROR;
				CLANG_WARN_QUOTED_INCLUDE_IN_FRAMEWORK_HEADER = YES;
				CLANG_WARN_RANGE_LOOP_ANALYSIS = YES;
				CLANG_WARN_STRICT_PROTOTYPES = YES;
				CLANG_WARN_SUSPICIOUS_MOVE = YES;
				CLANG_WARN_UNGUARDED_AVAILABILITY = YES_AGGRESSIVE;
				CLANG_WARN_UNREACHABLE_CODE = YES;
				CLANG_WARN__DUPLICATE_METHOD_MATCH = YES;
				COPY_PHASE_STRIP = NO;
				DEBUG_INFORMATION_FORMAT = dwarf;
				ENABLE_STRICT_OBJC_MSGSEND = YES;
				ENABLE_TESTABILITY = YES;
				GCC_C_LANGUAGE_STANDARD = gnu11;
				GCC_DYNAMIC_NO_PIC = NO;
				GCC_NO_COMMON_BLOCKS = YES;
				GCC_OPTIMIZATION_LEVEL = 0;
				GCC_PREPROCESSOR_DEFINITIONS = (
					"DEBUG=1",
					"$(inherited)",
				);
				GCC_WARN_64_TO_32_BIT_CONVERSION = YES;
				GCC_WARN_ABOUT_RETURN_TYPE = YES_ERROR;
				GCC_WARN_UNDECLARED_SELECTOR = YES;
				GCC_WARN_UNINITIALIZED_AUTOS = YES_AGGRESSIVE;
				GCC_WARN_UNUSED_FUNCTION = YES;
				GCC_WARN_UNUSED_VARIABLE = YES;
				IPHONEOS_DEPLOYMENT_TARGET = 15.0;
				MTL_ENABLE_DEBUG_INFO = INCLUDE_SOURCE;
				MTL_FAST_MATH = YES;
				ONLY_ACTIVE_ARCH = YES;
				SDKROOT = iphoneos;
				SWIFT_ACTIVE_COMPILATION_CONDITIONS = DEBUG;
				SWIFT_OPTIMIZATION_LEVEL = "-Onone";
			};
			name = Debug;
		};
		C188F0BD27565B3D0001D251 /* Release */ = {
			isa = XCBuildConfiguration;
			buildSettings = {
				ALWAYS_SEARCH_USER_PATHS = NO;
				CLANG_ANALYZER_NONNULL = YES;
				CLANG_ANALYZER_NUMBER_OBJECT_CONVERSION = YES_AGGRESSIVE;
				CLANG_CXX_LANGUAGE_STANDARD = "gnu++17";
				CLANG_CXX_LIBRARY = "libc++";
				CLANG_ENABLE_MODULES = YES;
				CLANG_ENABLE_OBJC_ARC = YES;
				CLANG_ENABLE_OBJC_WEAK = YES;
				CLANG_WARN_BLOCK_CAPTURE_AUTORELEASING = YES;
				CLANG_WARN_BOOL_CONVERSION = YES;
				CLANG_WARN_COMMA = YES;
				CLANG_WARN_CONSTANT_CONVERSION = YES;
				CLANG_WARN_DEPRECATED_OBJC_IMPLEMENTATIONS = YES;
				CLANG_WARN_DIRECT_OBJC_ISA_USAGE = YES_ERROR;
				CLANG_WARN_DOCUMENTATION_COMMENTS = YES;
				CLANG_WARN_EMPTY_BODY = YES;
				CLANG_WARN_ENUM_CONVERSION = YES;
				CLANG_WARN_INFINITE_RECURSION = YES;
				CLANG_WARN_INT_CONVERSION = YES;
				CLANG_WARN_NON_LITERAL_NULL_CONVERSION = YES;
				CLANG_WARN_OBJC_IMPLICIT_RETAIN_SELF = YES;
				CLANG_WARN_OBJC_LITERAL_CONVERSION = YES;
				CLANG_WARN_OBJC_ROOT_CLASS = YES_ERROR;
				CLANG_WARN_QUOTED_INCLUDE_IN_FRAMEWORK_HEADER = YES;
				CLANG_WARN_RANGE_LOOP_ANALYSIS = YES;
				CLANG_WARN_STRICT_PROTOTYPES = YES;
				CLANG_WARN_SUSPICIOUS_MOVE = YES;
				CLANG_WARN_UNGUARDED_AVAILABILITY = YES_AGGRESSIVE;
				CLANG_WARN_UNREACHABLE_CODE = YES;
				CLANG_WARN__DUPLICATE_METHOD_MATCH = YES;
				COPY_PHASE_STRIP = NO;
				DEBUG_INFORMATION_FORMAT = "dwarf-with-dsym";
				ENABLE_NS_ASSERTIONS = NO;
				ENABLE_STRICT_OBJC_MSGSEND = YES;
				GCC_C_LANGUAGE_STANDARD = gnu11;
				GCC_NO_COMMON_BLOCKS = YES;
				GCC_WARN_64_TO_32_BIT_CONVERSION = YES;
				GCC_WARN_ABOUT_RETURN_TYPE = YES_ERROR;
				GCC_WARN_UNDECLARED_SELECTOR = YES;
				GCC_WARN_UNINITIALIZED_AUTOS = YES_AGGRESSIVE;
				GCC_WARN_UNUSED_FUNCTION = YES;
				GCC_WARN_UNUSED_VARIABLE = YES;
				IPHONEOS_DEPLOYMENT_TARGET = 15.0;
				MTL_ENABLE_DEBUG_INFO = NO;
				MTL_FAST_MATH = YES;
				SDKROOT = iphoneos;
				SWIFT_COMPILATION_MODE = wholemodule;
				SWIFT_OPTIMIZATION_LEVEL = "-O";
				VALIDATE_PRODUCT = YES;
			};
			name = Release;
		};
		C188F0BF27565B3D0001D251 /* Debug */ = {
			isa = XCBuildConfiguration;
			buildSettings = {
				ASSETCATALOG_COMPILER_APPICON_NAME = AppIcon;
				ASSETCATALOG_COMPILER_GLOBAL_ACCENT_COLOR_NAME = AccentColor;
				CODE_SIGN_STYLE = Automatic;
				CURRENT_PROJECT_VERSION = 1;
				DEVELOPMENT_TEAM = 6965NB8S64;
				GENERATE_INFOPLIST_FILE = YES;
				INFOPLIST_FILE = TemperatureCalculator/Info.plist;
				INFOPLIST_KEY_UIApplicationSupportsIndirectInputEvents = YES;
				INFOPLIST_KEY_UILaunchStoryboardName = LaunchScreen;
				INFOPLIST_KEY_UIMainStoryboardFile = Main;
				INFOPLIST_KEY_UISupportedInterfaceOrientations_iPad = "UIInterfaceOrientationPortrait UIInterfaceOrientationPortraitUpsideDown UIInterfaceOrientationLandscapeLeft UIInterfaceOrientationLandscapeRight";
				INFOPLIST_KEY_UISupportedInterfaceOrientations_iPhone = "UIInterfaceOrientationPortrait UIInterfaceOrientationLandscapeLeft UIInterfaceOrientationLandscapeRight";
				LD_RUNPATH_SEARCH_PATHS = (
					"$(inherited)",
					"@executable_path/Frameworks",
				);
				MARKETING_VERSION = 1.0;
				PRODUCT_BUNDLE_IDENTIFIER = Layon.TemperatureCalculator;
				PRODUCT_NAME = "$(TARGET_NAME)";
				SWIFT_EMIT_LOC_STRINGS = YES;
				SWIFT_VERSION = 5.0;
				TARGETED_DEVICE_FAMILY = "1,2";
			};
			name = Debug;
		};
		C188F0C027565B3D0001D251 /* Release */ = {
			isa = XCBuildConfiguration;
			buildSettings = {
				ASSETCATALOG_COMPILER_APPICON_NAME = AppIcon;
				ASSETCATALOG_COMPILER_GLOBAL_ACCENT_COLOR_NAME = AccentColor;
				CODE_SIGN_STYLE = Automatic;
				CURRENT_PROJECT_VERSION = 1;
				DEVELOPMENT_TEAM = 6965NB8S64;
				GENERATE_INFOPLIST_FILE = YES;
				INFOPLIST_FILE = TemperatureCalculator/Info.plist;
				INFOPLIST_KEY_UIApplicationSupportsIndirectInputEvents = YES;
				INFOPLIST_KEY_UILaunchStoryboardName = LaunchScreen;
				INFOPLIST_KEY_UIMainStoryboardFile = Main;
				INFOPLIST_KEY_UISupportedInterfaceOrientations_iPad = "UIInterfaceOrientationPortrait UIInterfaceOrientationPortraitUpsideDown UIInterfaceOrientationLandscapeLeft UIInterfaceOrientationLandscapeRight";
				INFOPLIST_KEY_UISupportedInterfaceOrientations_iPhone = "UIInterfaceOrientationPortrait UIInterfaceOrientationLandscapeLeft UIInterfaceOrientationLandscapeRight";
				LD_RUNPATH_SEARCH_PATHS = (
					"$(inherited)",
					"@executable_path/Frameworks",
				);
				MARKETING_VERSION = 1.0;
				PRODUCT_BUNDLE_IDENTIFIER = Layon.TemperatureCalculator;
				PRODUCT_NAME = "$(TARGET_NAME)";
				SWIFT_EMIT_LOC_STRINGS = YES;
				SWIFT_VERSION = 5.0;
				TARGETED_DEVICE_FAMILY = "1,2";
			};
			name = Release;
		};
		C188F0C227565B3D0001D251 /* Debug */ = {
			isa = XCBuildConfiguration;
			buildSettings = {
				ALWAYS_EMBED_SWIFT_STANDARD_LIBRARIES = YES;
				BUNDLE_LOADER = "$(TEST_HOST)";
				CODE_SIGN_STYLE = Automatic;
				CURRENT_PROJECT_VERSION = 1;
				DEVELOPMENT_TEAM = 6965NB8S64;
				GENERATE_INFOPLIST_FILE = YES;
				IPHONEOS_DEPLOYMENT_TARGET = 15.0;
				LD_RUNPATH_SEARCH_PATHS = (
					"$(inherited)",
					"@executable_path/Frameworks",
					"@loader_path/Frameworks",
				);
				MARKETING_VERSION = 1.0;
				PRODUCT_BUNDLE_IDENTIFIER = Layon.TemperatureCalculatorTests;
				PRODUCT_NAME = "$(TARGET_NAME)";
				SWIFT_EMIT_LOC_STRINGS = NO;
				SWIFT_VERSION = 5.0;
				TARGETED_DEVICE_FAMILY = "1,2";
				TEST_HOST = "$(BUILT_PRODUCTS_DIR)/TemperatureCalculator.app/TemperatureCalculator";
			};
			name = Debug;
		};
		C188F0C327565B3D0001D251 /* Release */ = {
			isa = XCBuildConfiguration;
			buildSettings = {
				ALWAYS_EMBED_SWIFT_STANDARD_LIBRARIES = YES;
				BUNDLE_LOADER = "$(TEST_HOST)";
				CODE_SIGN_STYLE = Automatic;
				CURRENT_PROJECT_VERSION = 1;
				DEVELOPMENT_TEAM = 6965NB8S64;
				GENERATE_INFOPLIST_FILE = YES;
				IPHONEOS_DEPLOYMENT_TARGET = 15.0;
				LD_RUNPATH_SEARCH_PATHS = (
					"$(inherited)",
					"@executable_path/Frameworks",
					"@loader_path/Frameworks",
				);
				MARKETING_VERSION = 1.0;
				PRODUCT_BUNDLE_IDENTIFIER = Layon.TemperatureCalculatorTests;
				PRODUCT_NAME = "$(TARGET_NAME)";
				SWIFT_EMIT_LOC_STRINGS = NO;
				SWIFT_VERSION = 5.0;
				TARGETED_DEVICE_FAMILY = "1,2";
				TEST_HOST = "$(BUILT_PRODUCTS_DIR)/TemperatureCalculator.app/TemperatureCalculator";
			};
			name = Release;
		};
		C188F0C527565B3D0001D251 /* Debug */ = {
			isa = XCBuildConfiguration;
			buildSettings = {
				ALWAYS_EMBED_SWIFT_STANDARD_LIBRARIES = YES;
				CODE_SIGN_STYLE = Automatic;
				CURRENT_PROJECT_VERSION = 1;
				DEVELOPMENT_TEAM = 6965NB8S64;
				GENERATE_INFOPLIST_FILE = YES;
				LD_RUNPATH_SEARCH_PATHS = (
					"$(inherited)",
					"@executable_path/Frameworks",
					"@loader_path/Frameworks",
				);
				MARKETING_VERSION = 1.0;
				PRODUCT_BUNDLE_IDENTIFIER = Layon.TemperatureCalculatorUITests;
				PRODUCT_NAME = "$(TARGET_NAME)";
				SWIFT_EMIT_LOC_STRINGS = NO;
				SWIFT_VERSION = 5.0;
				TARGETED_DEVICE_FAMILY = "1,2";
				TEST_TARGET_NAME = TemperatureCalculator;
			};
			name = Debug;
		};
		C188F0C627565B3D0001D251 /* Release */ = {
			isa = XCBuildConfiguration;
			buildSettings = {
				ALWAYS_EMBED_SWIFT_STANDARD_LIBRARIES = YES;
				CODE_SIGN_STYLE = Automatic;
				CURRENT_PROJECT_VERSION = 1;
				DEVELOPMENT_TEAM = 6965NB8S64;
				GENERATE_INFOPLIST_FILE = YES;
				LD_RUNPATH_SEARCH_PATHS = (
					"$(inherited)",
					"@executable_path/Frameworks",
					"@loader_path/Frameworks",
				);
				MARKETING_VERSION = 1.0;
				PRODUCT_BUNDLE_IDENTIFIER = Layon.TemperatureCalculatorUITests;
				PRODUCT_NAME = "$(TARGET_NAME)";
				SWIFT_EMIT_LOC_STRINGS = NO;
				SWIFT_VERSION = 5.0;
				TARGETED_DEVICE_FAMILY = "1,2";
				TEST_TARGET_NAME = TemperatureCalculator;
			};
			name = Release;
		};
/* End XCBuildConfiguration section */

/* Begin XCConfigurationList section */
		C188F08C27565B3C0001D251 /* Build configuration list for PBXProject "TemperatureCalculator" */ = {
			isa = XCConfigurationList;
			buildConfigurations = (
				C188F0BC27565B3D0001D251 /* Debug */,
				C188F0BD27565B3D0001D251 /* Release */,
			);
			defaultConfigurationIsVisible = 0;
			defaultConfigurationName = Release;
		};
		C188F0BE27565B3D0001D251 /* Build configuration list for PBXNativeTarget "TemperatureCalculator" */ = {
			isa = XCConfigurationList;
			buildConfigurations = (
				C188F0BF27565B3D0001D251 /* Debug */,
				C188F0C027565B3D0001D251 /* Release */,
			);
			defaultConfigurationIsVisible = 0;
			defaultConfigurationName = Release;
		};
		C188F0C127565B3D0001D251 /* Build configuration list for PBXNativeTarget "TemperatureCalculatorTests" */ = {
			isa = XCConfigurationList;
			buildConfigurations = (
				C188F0C227565B3D0001D251 /* Debug */,
				C188F0C327565B3D0001D251 /* Release */,
			);
			defaultConfigurationIsVisible = 0;
			defaultConfigurationName = Release;
		};
		C188F0C427565B3D0001D251 /* Build configuration list for PBXNativeTarget "TemperatureCalculatorUITests" */ = {
			isa = XCConfigurationList;
			buildConfigurations = (
				C188F0C527565B3D0001D251 /* Debug */,
				C188F0C627565B3D0001D251 /* Release */,
			);
			defaultConfigurationIsVisible = 0;
			defaultConfigurationName = Release;
		};
/* End XCConfigurationList section */

/* Begin XCVersionGroup section */
		C188F09D27565B3C0001D251 /* TemperatureCalculator.xcdatamodeld */ = {
			isa = XCVersionGroup;
			children = (
				C188F09E27565B3C0001D251 /* TemperatureCalculator.xcdatamodel */,
			);
			currentVersion = C188F09E27565B3C0001D251 /* TemperatureCalculator.xcdatamodel */;
			path = TemperatureCalculator.xcdatamodeld;
			sourceTree = "<group>";
			versionGroupType = wrapper.xcdatamodel;
		};
/* End XCVersionGroup section */
	};
	rootObject = C188F08927565B3C0001D251 /* Project object */;
}
